<?xml version="1.0" encoding="utf-8"?>
<Project ToolsVersion="4.0" xmlns="http://schemas.microsoft.com/developer/msbuild/2003">
  <ItemGroup>
    <ClCompile Include="Main.cpp" />
  </ItemGroup>
  <ItemGroup>
    <Filter Include="Console engine">
      <UniqueIdentifier>{2aa5a714-1998-4d07-9b64-405f3a2ac292}</UniqueIdentifier>
    </Filter>
    <Filter Include="Scenes">
      <UniqueIdentifier>{985d11c7-a302-4514-ad6e-ac8dca6f2112}</UniqueIdentifier>
    </Filter>
    <Filter Include="Math">
      <UniqueIdentifier>{8075034e-d884-4247-a493-264b7b60fbff}</UniqueIdentifier>
    </Filter>
  </ItemGroup>
  <ItemGroup>
    <ClInclude Include="Console engine\ConsoleEngine.hpp">
      <Filter>Console engine</Filter>
    </ClInclude>
    <ClInclude Include="Scenes\IScence.hpp">
      <Filter>Scenes</Filter>
    </ClInclude>
    <ClInclude Include="Scenes\RedCubeScence.hpp">
      <Filter>Scenes</Filter>
    </ClInclude>
    <ClInclude Include="Vector2D.hpp">
      <Filter>Console engine</Filter>
    </ClInclude>
    <ClInclude Include="Scenes\VectorMousePointerScene.hpp">
      <Filter>Scenes</Filter>
    </ClInclude>
    <ClInclude Include="ObjectFollowMouseScene.hpp">
      <Filter>Scenes</Filter>
    </ClInclude>
    <ClInclude Include="SineScene.hpp">
      <Filter>Scenes</Filter>
    </ClInclude>
    <ClInclude Include="Math.hpp">
      <Filter>Math</Filter>
    </ClInclude>
    <ClInclude Include="Math\VectorTransformer.hpp">
      <Filter>Math</Filter>
    </ClInclude>
  </ItemGroup>
</Project>