<?xml version="1.0" encoding="utf-8"?>
<Project ToolsVersion="4.0" xmlns="http://schemas.microsoft.com/developer/msbuild/2003">
  <ItemGroup>
    <ClCompile Include="Main.cpp" />
  </ItemGroup>
  <ItemGroup>
    <Filter Include="Console engine">
      <UniqueIdentifier>{2aa5a714-1998-4d07-9b64-405f3a2ac292}</UniqueIdentifier>
    </Filter>
  </ItemGroup>
  <ItemGroup>
    <ClInclude Include="Console engine\ConsoleEngine.hpp">
      <Filter>Console engine</Filter>
    </ClInclude>
  </ItemGroup>
</Project>